{
  "nodes": {
    "flake-utils": {
      "locked": {
        "lastModified": 1656928814,
        "narHash": "sha256-RIFfgBuKz6Hp89yRr7+NR5tzIAbn52h8vT6vXkYjZoM=",
        "owner": "numtide",
        "repo": "flake-utils",
        "rev": "7e2a3b3dfd9af950a856d66b0a7d01e3c18aa249",
        "type": "github"
      },
      "original": {
        "owner": "numtide",
        "repo": "flake-utils",
        "type": "github"
      }
    },
    "haskell-overlay": {
      "locked": {
        "lastModified": 1647282478,
        "narHash": "sha256-rejN2/JgXeTur9KY/0QQQMe6Dt0fiextq46+hZmJ2zc=",
        "owner": "evanrelf",
        "repo": "haskell-overlay",
        "rev": "a81293ba5785bb80ea660a0fb4a612d9517a7497",
        "type": "github"
      },
      "original": {
        "owner": "evanrelf",
        "repo": "haskell-overlay",
        "type": "github"
      }
    },
    "nixpkgs": {
      "locked": {
        "lastModified": 1658033722,
        "narHash": "sha256-o2Mh0Gm5AOJk4qmrXH/9H4oRD6VSJnkNF9AMOGPqD+g=",
        "owner": "NixOS",
        "repo": "nixpkgs",
        "rev": "ff0e4cfbcd7881f50caa788ebd488e2e6f782431",
        "type": "github"
      },
      "original": {
        "owner": "NixOS",
        "repo": "nixpkgs",
        "type": "github"
      }
    },
    "root": {
      "inputs": {
        "flake-utils": "flake-utils",
        "haskell-overlay": "haskell-overlay",
        "nixpkgs": "nixpkgs"
      }
    }
  },
  "root": "root",
  "version": 7
}
